
Microsoft Visual Studio Solution File, Format Version 12.00
# Visual Studio Version 16
VisualStudioVersion = 16.0.29519.87
MinimumVisualStudioVersion = 10.0.40219.1
Project("{FAE04EC0-301F-11D3-BF4B-00C04F79EFBC}") = "basicosCSharp", "basicosCSharp.csproj", "{07F69B22-2B90-4518-A36D-0341A893834E}"
EndProject
Global
	GlobalSection(SolutionConfigurationPlatforms) = preSolution
		Debug|Any CPU = Debug|Any CPU
		Release|Any CPU = Release|Any CPU
	EndGlobalSection
	GlobalSection(ProjectConfigurationPlatforms) = postSolution
		{07F69B22-2B90-4518-A36D-0341A893834E}.Debug|Any CPU.ActiveCfg = Debug|Any CPU
		{07F69B22-2B90-4518-A36D-0341A893834E}.Debug|Any CPU.Build.0 = Debug|Any CPU
		{07F69B22-2B90-4518-A36D-0341A893834E}.Release|Any CPU.ActiveCfg = Release|Any CPU
		{07F69B22-2B90-4518-A36D-0341A893834E}.Release|Any CPU.Build.0 = Release|Any CPU
	EndGlobalSection
	GlobalSection(SolutionProperties) = preSolution
		HideSolutionNode = FALSE
	EndGlobalSection
	GlobalSection(ExtensibilityGlobals) = postSolution
		SolutionGuid = {76A71524-284F-4987-9D89-77C513551814}
	EndGlobalSection
EndGlobal
